PODS:
  - APIncrementalStore (0.2.8):
    - Parse-iOS-SDK
  - Facebook-iOS-SDK (3.13.1)
  - Parse-iOS-SDK (1.2.19):
    - Facebook-iOS-SDK (~> 3.7)

DEPENDENCIES:
  - APIncrementalStore (from `../`)

EXTERNAL SOURCES:
  APIncrementalStore:
    :path: ../

SPEC CHECKSUMS:
  APIncrementalStore: dea28cb21196deba836afba2a31c4e70bc491f77
  Facebook-iOS-SDK: 47ae9e54684c84f93d75d4e6ab47cd031abdf406
  Parse-iOS-SDK: 48e366fb9a8956c4e50d93cfd16243176938fae1

COCOAPODS: 0.32.1
