PODS:
  - APIncrementalStore (0.4.1):
    - Parse
  - Bolts (1.1.3)
  - Parse (1.4.1):
    - Bolts (~> 1.1.2)

DEPENDENCIES:
  - APIncrementalStore (from `../`)

EXTERNAL SOURCES:
  APIncrementalStore:
    :path: ../

SPEC CHECKSUMS:
  APIncrementalStore: 2ab4bab1c5a6878204c1cd6ec89820ba9ced11e7
  Bolts: 3db0a875235e0c9042b013af13af0f00f79b102c
  Parse: db1a09c832b7509edcc88a65dc07229f5e578c73

COCOAPODS: 0.34.2
